
Microsoft Visual Studio Solution File, Format Version 12.00
# Visual Studio Version 17
VisualStudioVersion = 17.10.35013.160
MinimumVisualStudioVersion = 10.0.40219.1
Project("{FAE04EC0-301F-11D3-BF4B-00C04F79EFBC}") = "InventoryManagement(RabbitMQ)", "InventoryManagement(RabbitMQ)\InventoryManagement(RabbitMQ).csproj", "{2A57640C-29A1-492A-9FC1-00EA108686E7}"
EndProject
Global
	GlobalSection(SolutionConfigurationPlatforms) = preSolution
		Debug|Any CPU = Debug|Any CPU
		Release|Any CPU = Release|Any CPU
	EndGlobalSection
	GlobalSection(ProjectConfigurationPlatforms) = postSolution
		{2A57640C-29A1-492A-9FC1-00EA108686E7}.Debug|Any CPU.ActiveCfg = Debug|Any CPU
		{2A57640C-29A1-492A-9FC1-00EA108686E7}.Debug|Any CPU.Build.0 = Debug|Any CPU
		{2A57640C-29A1-492A-9FC1-00EA108686E7}.Release|Any CPU.ActiveCfg = Release|Any CPU
		{2A57640C-29A1-492A-9FC1-00EA108686E7}.Release|Any CPU.Build.0 = Release|Any CPU
	EndGlobalSection
	GlobalSection(SolutionProperties) = preSolution
		HideSolutionNode = FALSE
	EndGlobalSection
	GlobalSection(ExtensibilityGlobals) = postSolution
		SolutionGuid = {59B93A57-DAB6-4E8F-BB2A-B0E980E8B35A}
	EndGlobalSection
EndGlobal
